
Microsoft Visual Studio Solution File, Format Version 12.00
# Visual Studio Version 16
VisualStudioVersion = 16.0.30011.22
MinimumVisualStudioVersion = 10.0.40219.1
Project("{8BC9CEB8-8B4A-11D0-8D11-00A0C91BC942}") = "옷코디하기", "옷코디하기.vcxproj", "{33953D24-E988-4FC2-B1CC-2AB16129B574}"
EndProject
Global
	GlobalSection(SolutionConfigurationPlatforms) = preSolution
		Debug|x64 = Debug|x64
		Debug|x86 = Debug|x86
		Release|x64 = Release|x64
		Release|x86 = Release|x86
	EndGlobalSection
	GlobalSection(ProjectConfigurationPlatforms) = postSolution
		{33953D24-E988-4FC2-B1CC-2AB16129B574}.Debug|x64.ActiveCfg = Debug|x64
		{33953D24-E988-4FC2-B1CC-2AB16129B574}.Debug|x64.Build.0 = Debug|x64
		{33953D24-E988-4FC2-B1CC-2AB16129B574}.Debug|x86.ActiveCfg = Debug|Win32
		{33953D24-E988-4FC2-B1CC-2AB16129B574}.Debug|x86.Build.0 = Debug|Win32
		{33953D24-E988-4FC2-B1CC-2AB16129B574}.Release|x64.ActiveCfg = Release|x64
		{33953D24-E988-4FC2-B1CC-2AB16129B574}.Release|x64.Build.0 = Release|x64
		{33953D24-E988-4FC2-B1CC-2AB16129B574}.Release|x86.ActiveCfg = Release|Win32
		{33953D24-E988-4FC2-B1CC-2AB16129B574}.Release|x86.Build.0 = Release|Win32
	EndGlobalSection
	GlobalSection(SolutionProperties) = preSolution
		HideSolutionNode = FALSE
	EndGlobalSection
	GlobalSection(ExtensibilityGlobals) = postSolution
		SolutionGuid = {4CBB7B65-FB6B-43EC-AC1C-BB043F802B5A}
	EndGlobalSection
EndGlobal
